// !$*UTF8*$!
{
	archiveVersion = 1;
	classes = {
	};
	objectVersion = 46;
	objects = {

/* Begin PBXBuildFile section */
		562E97EB178FBE0800ED52DE /* UIKit.framework in Frameworks */ = {isa = PBXBuildFile; fileRef = 562E97EA178FBE0800ED52DE /* UIKit.framework */; };
		562E97ED178FBE0800ED52DE /* Foundation.framework in Frameworks */ = {isa = PBXBuildFile; fileRef = 562E97EC178FBE0800ED52DE /* Foundation.framework */; };
		562E97EF178FBE0800ED52DE /* CoreGraphics.framework in Frameworks */ = {isa = PBXBuildFile; fileRef = 562E97EE178FBE0800ED52DE /* CoreGraphics.framework */; };
		562E97F1178FBE0800ED52DE /* CoreData.framework in Frameworks */ = {isa = PBXBuildFile; fileRef = 562E97F0178FBE0800ED52DE /* CoreData.framework */; };
		562E97F7178FBE0800ED52DE /* InfoPlist.strings in Resources */ = {isa = PBXBuildFile; fileRef = 562E97F5178FBE0800ED52DE /* InfoPlist.strings */; };
		562E97F9178FBE0800ED52DE /* main.m in Sources */ = {isa = PBXBuildFile; fileRef = 562E97F8178FBE0800ED52DE /* main.m */; };
		562E97FD178FBE0800ED52DE /* MAAppDelegate.m in Sources */ = {isa = PBXBuildFile; fileRef = 562E97FC178FBE0800ED52DE /* MAAppDelegate.m */; };
		562E97FF178FBE0800ED52DE /* Default.png in Resources */ = {isa = PBXBuildFile; fileRef = 562E97FE178FBE0800ED52DE /* Default.png */; };
		562E9801178FBE0800ED52DE /* Default@2x.png in Resources */ = {isa = PBXBuildFile; fileRef = 562E9800178FBE0800ED52DE /* Default@2x.png */; };
		562E9803178FBE0800ED52DE /* Default-568h@2x.png in Resources */ = {isa = PBXBuildFile; fileRef = 562E9802178FBE0800ED52DE /* Default-568h@2x.png */; };
		562E9806178FBE0800ED52DE /* MoVeApplication.xcdatamodeld in Sources */ = {isa = PBXBuildFile; fileRef = 562E9804178FBE0800ED52DE /* MoVeApplication.xcdatamodeld */; };
		562E980E178FBE4E00ED52DE /* MAViewController.m in Sources */ = {isa = PBXBuildFile; fileRef = 562E980D178FBE4E00ED52DE /* MAViewController.m */; };
		562E9810178FBE7C00ED52DE /* Storyboard.storyboard in Resources */ = {isa = PBXBuildFile; fileRef = 562E980F178FBE7C00ED52DE /* Storyboard.storyboard */; };
		56DFEA75178FD0B4000146DE /* Meeting.m in Sources */ = {isa = PBXBuildFile; fileRef = 56DFEA74178FD0B4000146DE /* Meeting.m */; };
		56DFEA78178FD301000146DE /* MAAddMeetingViewController.m in Sources */ = {isa = PBXBuildFile; fileRef = 56DFEA77178FD301000146DE /* MAAddMeetingViewController.m */; };
/* End PBXBuildFile section */

/* Begin PBXFileReference section */
		562E97E7178FBE0800ED52DE /* MoVeApplication.app */ = {isa = PBXFileReference; explicitFileType = wrapper.application; includeInIndex = 0; path = MoVeApplication.app; sourceTree = BUILT_PRODUCTS_DIR; };
		562E97EA178FBE0800ED52DE /* UIKit.framework */ = {isa = PBXFileReference; lastKnownFileType = wrapper.framework; name = UIKit.framework; path = System/Library/Frameworks/UIKit.framework; sourceTree = SDKROOT; };
		562E97EC178FBE0800ED52DE /* Foundation.framework */ = {isa = PBXFileReference; lastKnownFileType = wrapper.framework; name = Foundation.framework; path = System/Library/Frameworks/Foundation.framework; sourceTree = SDKROOT; };
		562E97EE178FBE0800ED52DE /* CoreGraphics.framework */ = {isa = PBXFileReference; lastKnownFileType = wrapper.framework; name = CoreGraphics.framework; path = System/Library/Frameworks/CoreGraphics.framework; sourceTree = SDKROOT; };
		562E97F0178FBE0800ED52DE /* CoreData.framework */ = {isa = PBXFileReference; lastKnownFileType = wrapper.framework; name = CoreData.framework; path = System/Library/Frameworks/CoreData.framework; sourceTree = SDKROOT; };
		562E97F4178FBE0800ED52DE /* MoVeApplication-Info.plist */ = {isa = PBXFileReference; lastKnownFileType = text.plist.xml; path = "MoVeApplication-Info.plist"; sourceTree = "<group>"; };
		562E97F6178FBE0800ED52DE /* en */ = {isa = PBXFileReference; lastKnownFileType = text.plist.strings; name = en; path = en.lproj/InfoPlist.strings; sourceTree = "<group>"; };
		562E97F8178FBE0800ED52DE /* main.m */ = {isa = PBXFileReference; lastKnownFileType = sourcecode.c.objc; path = main.m; sourceTree = "<group>"; };
		562E97FA178FBE0800ED52DE /* MoVeApplication-Prefix.pch */ = {isa = PBXFileReference; lastKnownFileType = sourcecode.c.h; path = "MoVeApplication-Prefix.pch"; sourceTree = "<group>"; };
		562E97FB178FBE0800ED52DE /* MAAppDelegate.h */ = {isa = PBXFileReference; lastKnownFileType = sourcecode.c.h; path = MAAppDelegate.h; sourceTree = "<group>"; };
		562E97FC178FBE0800ED52DE /* MAAppDelegate.m */ = {isa = PBXFileReference; lastKnownFileType = sourcecode.c.objc; path = MAAppDelegate.m; sourceTree = "<group>"; };
		562E97FE178FBE0800ED52DE /* Default.png */ = {isa = PBXFileReference; lastKnownFileType = image.png; path = Default.png; sourceTree = "<group>"; };
		562E9800178FBE0800ED52DE /* Default@2x.png */ = {isa = PBXFileReference; lastKnownFileType = image.png; path = "Default@2x.png"; sourceTree = "<group>"; };
		562E9802178FBE0800ED52DE /* Default-568h@2x.png */ = {isa = PBXFileReference; lastKnownFileType = image.png; path = "Default-568h@2x.png"; sourceTree = "<group>"; };
		562E9805178FBE0800ED52DE /* MoVeApplication.xcdatamodel */ = {isa = PBXFileReference; lastKnownFileType = wrapper.xcdatamodel; path = MoVeApplication.xcdatamodel; sourceTree = "<group>"; };
		562E980C178FBE4E00ED52DE /* MAViewController.h */ = {isa = PBXFileReference; fileEncoding = 4; lastKnownFileType = sourcecode.c.h; name = MAViewController.h; path = ../MAViewController.h; sourceTree = "<group>"; };
		562E980D178FBE4E00ED52DE /* MAViewController.m */ = {isa = PBXFileReference; fileEncoding = 4; lastKnownFileType = sourcecode.c.objc; name = MAViewController.m; path = ../MAViewController.m; sourceTree = "<group>"; };
		562E980F178FBE7C00ED52DE /* Storyboard.storyboard */ = {isa = PBXFileReference; fileEncoding = 4; lastKnownFileType = file.storyboard; name = Storyboard.storyboard; path = ../Storyboard.storyboard; sourceTree = "<group>"; };
		56DFEA73178FD0B4000146DE /* Meeting.h */ = {isa = PBXFileReference; fileEncoding = 4; lastKnownFileType = sourcecode.c.h; path = Meeting.h; sourceTree = "<group>"; };
		56DFEA74178FD0B4000146DE /* Meeting.m */ = {isa = PBXFileReference; fileEncoding = 4; lastKnownFileType = sourcecode.c.objc; path = Meeting.m; sourceTree = "<group>"; };
		56DFEA76178FD301000146DE /* MAAddMeetingViewController.h */ = {isa = PBXFileReference; fileEncoding = 4; lastKnownFileType = sourcecode.c.h; path = MAAddMeetingViewController.h; sourceTree = "<group>"; };
		56DFEA77178FD301000146DE /* MAAddMeetingViewController.m */ = {isa = PBXFileReference; fileEncoding = 4; lastKnownFileType = sourcecode.c.objc; path = MAAddMeetingViewController.m; sourceTree = "<group>"; };
/* End PBXFileReference section */

/* Begin PBXFrameworksBuildPhase section */
		562E97E4178FBE0800ED52DE /* Frameworks */ = {
			isa = PBXFrameworksBuildPhase;
			buildActionMask = 2147483647;
			files = (
				562E97EB178FBE0800ED52DE /* UIKit.framework in Frameworks */,
				562E97ED178FBE0800ED52DE /* Foundation.framework in Frameworks */,
				562E97EF178FBE0800ED52DE /* CoreGraphics.framework in Frameworks */,
				562E97F1178FBE0800ED52DE /* CoreData.framework in Frameworks */,
			);
			runOnlyForDeploymentPostprocessing = 0;
		};
/* End PBXFrameworksBuildPhase section */

/* Begin PBXGroup section */
		562E97DE178FBE0800ED52DE = {
			isa = PBXGroup;
			children = (
				562E97F2178FBE0800ED52DE /* MoVeApplication */,
				562E97E9178FBE0800ED52DE /* Frameworks */,
				562E97E8178FBE0800ED52DE /* Products */,
			);
			sourceTree = "<group>";
		};
		562E97E8178FBE0800ED52DE /* Products */ = {
			isa = PBXGroup;
			children = (
				562E97E7178FBE0800ED52DE /* MoVeApplication.app */,
			);
			name = Products;
			sourceTree = "<group>";
		};
		562E97E9178FBE0800ED52DE /* Frameworks */ = {
			isa = PBXGroup;
			children = (
				562E97EA178FBE0800ED52DE /* UIKit.framework */,
				562E97EC178FBE0800ED52DE /* Foundation.framework */,
				562E97EE178FBE0800ED52DE /* CoreGraphics.framework */,
				562E97F0178FBE0800ED52DE /* CoreData.framework */,
			);
			name = Frameworks;
			sourceTree = "<group>";
		};
		562E97F2178FBE0800ED52DE /* MoVeApplication */ = {
			isa = PBXGroup;
			children = (
				562E980C178FBE4E00ED52DE /* MAViewController.h */,
				562E980D178FBE4E00ED52DE /* MAViewController.m */,
				562E980F178FBE7C00ED52DE /* Storyboard.storyboard */,
				562E97FB178FBE0800ED52DE /* MAAppDelegate.h */,
				562E97FC178FBE0800ED52DE /* MAAppDelegate.m */,
				562E9804178FBE0800ED52DE /* MoVeApplication.xcdatamodeld */,
				56DFEA73178FD0B4000146DE /* Meeting.h */,
				56DFEA74178FD0B4000146DE /* Meeting.m */,
				562E97F3178FBE0800ED52DE /* Supporting Files */,
				56DFEA76178FD301000146DE /* MAAddMeetingViewController.h */,
				56DFEA77178FD301000146DE /* MAAddMeetingViewController.m */,
			);
			path = MoVeApplication;
			sourceTree = "<group>";
		};
		562E97F3178FBE0800ED52DE /* Supporting Files */ = {
			isa = PBXGroup;
			children = (
				562E97F4178FBE0800ED52DE /* MoVeApplication-Info.plist */,
				562E97F5178FBE0800ED52DE /* InfoPlist.strings */,
				562E97F8178FBE0800ED52DE /* main.m */,
				562E97FA178FBE0800ED52DE /* MoVeApplication-Prefix.pch */,
				562E97FE178FBE0800ED52DE /* Default.png */,
				562E9800178FBE0800ED52DE /* Default@2x.png */,
				562E9802178FBE0800ED52DE /* Default-568h@2x.png */,
			);
			name = "Supporting Files";
			sourceTree = "<group>";
		};
/* End PBXGroup section */

/* Begin PBXNativeTarget section */
		562E97E6178FBE0800ED52DE /* MoVeApplication */ = {
			isa = PBXNativeTarget;
			buildConfigurationList = 562E9809178FBE0800ED52DE /* Build configuration list for PBXNativeTarget "MoVeApplication" */;
			buildPhases = (
				562E97E3178FBE0800ED52DE /* Sources */,
				562E97E4178FBE0800ED52DE /* Frameworks */,
				562E97E5178FBE0800ED52DE /* Resources */,
			);
			buildRules = (
			);
			dependencies = (
			);
			name = MoVeApplication;
			productName = MoVeApplication;
			productReference = 562E97E7178FBE0800ED52DE /* MoVeApplication.app */;
			productType = "com.apple.product-type.application";
		};
/* End PBXNativeTarget section */

/* Begin PBXProject section */
		562E97DF178FBE0800ED52DE /* Project object */ = {
			isa = PBXProject;
			attributes = {
				CLASSPREFIX = MA;
				LastUpgradeCheck = 0460;
				ORGANIZATIONNAME = SCB;
			};
			buildConfigurationList = 562E97E2178FBE0800ED52DE /* Build configuration list for PBXProject "MoVeApplication" */;
			compatibilityVersion = "Xcode 3.2";
			developmentRegion = English;
			hasScannedForEncodings = 0;
			knownRegions = (
				en,
			);
			mainGroup = 562E97DE178FBE0800ED52DE;
			productRefGroup = 562E97E8178FBE0800ED52DE /* Products */;
			projectDirPath = "";
			projectRoot = "";
			targets = (
				562E97E6178FBE0800ED52DE /* MoVeApplication */,
			);
		};
/* End PBXProject section */

/* Begin PBXResourcesBuildPhase section */
		562E97E5178FBE0800ED52DE /* Resources */ = {
			isa = PBXResourcesBuildPhase;
			buildActionMask = 2147483647;
			files = (
				562E97F7178FBE0800ED52DE /* InfoPlist.strings in Resources */,
				562E97FF178FBE0800ED52DE /* Default.png in Resources */,
				562E9801178FBE0800ED52DE /* Default@2x.png in Resources */,
				562E9803178FBE0800ED52DE /* Default-568h@2x.png in Resources */,
				562E9810178FBE7C00ED52DE /* Storyboard.storyboard in Resources */,
			);
			runOnlyForDeploymentPostprocessing = 0;
		};
/* End PBXResourcesBuildPhase section */

/* Begin PBXSourcesBuildPhase section */
		562E97E3178FBE0800ED52DE /* Sources */ = {
			isa = PBXSourcesBuildPhase;
			buildActionMask = 2147483647;
			files = (
				562E97F9178FBE0800ED52DE /* main.m in Sources */,
				562E97FD178FBE0800ED52DE /* MAAppDelegate.m in Sources */,
				562E9806178FBE0800ED52DE /* MoVeApplication.xcdatamodeld in Sources */,
				562E980E178FBE4E00ED52DE /* MAViewController.m in Sources */,
				56DFEA75178FD0B4000146DE /* Meeting.m in Sources */,
				56DFEA78178FD301000146DE /* MAAddMeetingViewController.m in Sources */,
			);
			runOnlyForDeploymentPostprocessing = 0;
		};
/* End PBXSourcesBuildPhase section */

/* Begin PBXVariantGroup section */
		562E97F5178FBE0800ED52DE /* InfoPlist.strings */ = {
			isa = PBXVariantGroup;
			children = (
				562E97F6178FBE0800ED52DE /* en */,
			);
			name = InfoPlist.strings;
			sourceTree = "<group>";
		};
/* End PBXVariantGroup section */

/* Begin XCBuildConfiguration section */
		562E9807178FBE0800ED52DE /* Debug */ = {
			isa = XCBuildConfiguration;
			buildSettings = {
				ALWAYS_SEARCH_USER_PATHS = NO;
				CLANG_CXX_LANGUAGE_STANDARD = "gnu++0x";
				CLANG_CXX_LIBRARY = "libc++";
				CLANG_ENABLE_OBJC_ARC = YES;
				CLANG_WARN_CONSTANT_CONVERSION = YES;
				CLANG_WARN_EMPTY_BODY = YES;
				CLANG_WARN_ENUM_CONVERSION = YES;
				CLANG_WARN_INT_CONVERSION = YES;
				CLANG_WARN__DUPLICATE_METHOD_MATCH = YES;
				"CODE_SIGN_IDENTITY[sdk=iphoneos*]" = "iPhone Developer";
				COPY_PHASE_STRIP = NO;
				GCC_C_LANGUAGE_STANDARD = gnu99;
				GCC_DYNAMIC_NO_PIC = NO;
				GCC_OPTIMIZATION_LEVEL = 0;
				GCC_PREPROCESSOR_DEFINITIONS = (
					"DEBUG=1",
					"$(inherited)",
				);
				GCC_SYMBOLS_PRIVATE_EXTERN = NO;
				GCC_WARN_ABOUT_RETURN_TYPE = YES;
				GCC_WARN_UNINITIALIZED_AUTOS = YES;
				GCC_WARN_UNUSED_VARIABLE = YES;
				IPHONEOS_DEPLOYMENT_TARGET = 6.1;
				ONLY_ACTIVE_ARCH = YES;
				SDKROOT = iphoneos;
			};
			name = Debug;
		};
		562E9808178FBE0800ED52DE /* Release */ = {
			isa = XCBuildConfiguration;
			buildSettings = {
				ALWAYS_SEARCH_USER_PATHS = NO;
				CLANG_CXX_LANGUAGE_STANDARD = "gnu++0x";
				CLANG_CXX_LIBRARY = "libc++";
				CLANG_ENABLE_OBJC_ARC = YES;
				CLANG_WARN_CONSTANT_CONVERSION = YES;
				CLANG_WARN_EMPTY_BODY = YES;
				CLANG_WARN_ENUM_CONVERSION = YES;
				CLANG_WARN_INT_CONVERSION = YES;
				CLANG_WARN__DUPLICATE_METHOD_MATCH = YES;
				"CODE_SIGN_IDENTITY[sdk=iphoneos*]" = "iPhone Developer";
				COPY_PHASE_STRIP = YES;
				GCC_C_LANGUAGE_STANDARD = gnu99;
				GCC_WARN_ABOUT_RETURN_TYPE = YES;
				GCC_WARN_UNINITIALIZED_AUTOS = YES;
				GCC_WARN_UNUSED_VARIABLE = YES;
				IPHONEOS_DEPLOYMENT_TARGET = 6.1;
				OTHER_CFLAGS = "-DNS_BLOCK_ASSERTIONS=1";
				SDKROOT = iphoneos;
				VALIDATE_PRODUCT = YES;
			};
			name = Release;
		};
		562E980A178FBE0800ED52DE /* Debug */ = {
			isa = XCBuildConfiguration;
			buildSettings = {
				GCC_PRECOMPILE_PREFIX_HEADER = YES;
				GCC_PREFIX_HEADER = "MoVeApplication/MoVeApplication-Prefix.pch";
				INFOPLIST_FILE = "MoVeApplication/MoVeApplication-Info.plist";
				PRODUCT_NAME = "$(TARGET_NAME)";
				WRAPPER_EXTENSION = app;
			};
			name = Debug;
		};
		562E980B178FBE0800ED52DE /* Release */ = {
			isa = XCBuildConfiguration;
			buildSettings = {
				GCC_PRECOMPILE_PREFIX_HEADER = YES;
				GCC_PREFIX_HEADER = "MoVeApplication/MoVeApplication-Prefix.pch";
				INFOPLIST_FILE = "MoVeApplication/MoVeApplication-Info.plist";
				PRODUCT_NAME = "$(TARGET_NAME)";
				WRAPPER_EXTENSION = app;
			};
			name = Release;
		};
/* End XCBuildConfiguration section */

/* Begin XCConfigurationList section */
		562E97E2178FBE0800ED52DE /* Build configuration list for PBXProject "MoVeApplication" */ = {
			isa = XCConfigurationList;
			buildConfigurations = (
				562E9807178FBE0800ED52DE /* Debug */,
				562E9808178FBE0800ED52DE /* Release */,
			);
			defaultConfigurationIsVisible = 0;
			defaultConfigurationName = Release;
		};
		562E9809178FBE0800ED52DE /* Build configuration list for PBXNativeTarget "MoVeApplication" */ = {
			isa = XCConfigurationList;
			buildConfigurations = (
				562E980A178FBE0800ED52DE /* Debug */,
				562E980B178FBE0800ED52DE /* Release */,
			);
			defaultConfigurationIsVisible = 0;
			defaultConfigurationName = Release;
		};
/* End XCConfigurationList section */

/* Begin XCVersionGroup section */
		562E9804178FBE0800ED52DE /* MoVeApplication.xcdatamodeld */ = {
			isa = XCVersionGroup;
			children = (
				562E9805178FBE0800ED52DE /* MoVeApplication.xcdatamodel */,
			);
			currentVersion = 562E9805178FBE0800ED52DE /* MoVeApplication.xcdatamodel */;
			path = MoVeApplication.xcdatamodeld;
			sourceTree = "<group>";
			versionGroupType = wrapper.xcdatamodel;
		};
/* End XCVersionGroup section */
	};
	rootObject = 562E97DF178FBE0800ED52DE /* Project object */;
}
